
Microsoft Visual Studio Solution File, Format Version 12.00
# Visual Studio 15
VisualStudioVersion = 15.0.28010.2036
MinimumVisualStudioVersion = 10.0.40219.1
Project("{9A19103F-16F7-4668-BE54-9A1E7A4F7556}") = "JsonStore.SqlServer", "JsonStore.SqlServer\JsonStore.SqlServer.csproj", "{24F552EF-A114-4D00-920C-E3CB523F7304}"
EndProject
Project("{FAE04EC0-301F-11D3-BF4B-00C04F79EFBC}") = "JsonStore.Tests", "JsonStore.Tests\JsonStore.Tests.csproj", "{CD029D4D-38CC-4D5B-B624-D6E9132749AE}"
EndProject
Project("{9A19103F-16F7-4668-BE54-9A1E7A4F7556}") = "JsonStore", "JsonStore\JsonStore.csproj", "{EBDE7B75-9C39-4DE3-9821-DD7D31546128}"
EndProject
Global
	GlobalSection(SolutionConfigurationPlatforms) = preSolution
		Debug|Any CPU = Debug|Any CPU
		Release|Any CPU = Release|Any CPU
	EndGlobalSection
	GlobalSection(ProjectConfigurationPlatforms) = postSolution
		{24F552EF-A114-4D00-920C-E3CB523F7304}.Debug|Any CPU.ActiveCfg = Debug|Any CPU
		{24F552EF-A114-4D00-920C-E3CB523F7304}.Debug|Any CPU.Build.0 = Debug|Any CPU
		{24F552EF-A114-4D00-920C-E3CB523F7304}.Release|Any CPU.ActiveCfg = Release|Any CPU
		{24F552EF-A114-4D00-920C-E3CB523F7304}.Release|Any CPU.Build.0 = Release|Any CPU
		{CD029D4D-38CC-4D5B-B624-D6E9132749AE}.Debug|Any CPU.ActiveCfg = Debug|Any CPU
		{CD029D4D-38CC-4D5B-B624-D6E9132749AE}.Debug|Any CPU.Build.0 = Debug|Any CPU
		{CD029D4D-38CC-4D5B-B624-D6E9132749AE}.Release|Any CPU.ActiveCfg = Release|Any CPU
		{CD029D4D-38CC-4D5B-B624-D6E9132749AE}.Release|Any CPU.Build.0 = Release|Any CPU
		{EBDE7B75-9C39-4DE3-9821-DD7D31546128}.Debug|Any CPU.ActiveCfg = Debug|Any CPU
		{EBDE7B75-9C39-4DE3-9821-DD7D31546128}.Debug|Any CPU.Build.0 = Debug|Any CPU
		{EBDE7B75-9C39-4DE3-9821-DD7D31546128}.Release|Any CPU.ActiveCfg = Release|Any CPU
		{EBDE7B75-9C39-4DE3-9821-DD7D31546128}.Release|Any CPU.Build.0 = Release|Any CPU
	EndGlobalSection
	GlobalSection(SolutionProperties) = preSolution
		HideSolutionNode = FALSE
	EndGlobalSection
	GlobalSection(ExtensibilityGlobals) = postSolution
		SolutionGuid = {56A2F8B2-7505-4A35-9485-D9CF4FC7D321}
	EndGlobalSection
EndGlobal
